// !$*UTF8*$!
{
	archiveVersion = 1;
	classes = {
	};
	objectVersion = 46;
	objects = {

/* Begin PBXBuildFile section */
		3F45D8CC1EB90F1B002505A8 /* AppDelegate.swift in Sources */ = {isa = PBXBuildFile; fileRef = 3F45D8CB1EB90F1B002505A8 /* AppDelegate.swift */; };
		3F45D8CE1EB90F1B002505A8 /* ViewController.swift in Sources */ = {isa = PBXBuildFile; fileRef = 3F45D8CD1EB90F1B002505A8 /* ViewController.swift */; };
		3F45D8D11EB90F1B002505A8 /* Main.storyboard in Resources */ = {isa = PBXBuildFile; fileRef = 3F45D8CF1EB90F1B002505A8 /* Main.storyboard */; };
		3F45D8D31EB90F1B002505A8 /* Assets.xcassets in Resources */ = {isa = PBXBuildFile; fileRef = 3F45D8D21EB90F1B002505A8 /* Assets.xcassets */; };
		3F45D8D61EB90F1B002505A8 /* LaunchScreen.storyboard in Resources */ = {isa = PBXBuildFile; fileRef = 3F45D8D41EB90F1B002505A8 /* LaunchScreen.storyboard */; };
		3FEB4D701EC0FD3600BE671D /* Bad.jpeg in Resources */ = {isa = PBXBuildFile; fileRef = 3FEB4D6E1EC0FD3600BE671D /* Bad.jpeg */; };
		3FEB4D711EC0FD3600BE671D /* GOOD.jpeg in Resources */ = {isa = PBXBuildFile; fileRef = 3FEB4D6F1EC0FD3600BE671D /* GOOD.jpeg */; };
/* End PBXBuildFile section */

/* Begin PBXFileReference section */
		3F45D8C81EB90F1B002505A8 /* HomeWork2.app */ = {isa = PBXFileReference; explicitFileType = wrapper.application; includeInIndex = 0; path = HomeWork2.app; sourceTree = BUILT_PRODUCTS_DIR; };
		3F45D8CB1EB90F1B002505A8 /* AppDelegate.swift */ = {isa = PBXFileReference; lastKnownFileType = sourcecode.swift; path = AppDelegate.swift; sourceTree = "<group>"; };
		3F45D8CD1EB90F1B002505A8 /* ViewController.swift */ = {isa = PBXFileReference; lastKnownFileType = sourcecode.swift; path = ViewController.swift; sourceTree = "<group>"; };
		3F45D8D01EB90F1B002505A8 /* Base */ = {isa = PBXFileReference; lastKnownFileType = file.storyboard; name = Base; path = Base.lproj/Main.storyboard; sourceTree = "<group>"; };
		3F45D8D21EB90F1B002505A8 /* Assets.xcassets */ = {isa = PBXFileReference; lastKnownFileType = folder.assetcatalog; path = Assets.xcassets; sourceTree = "<group>"; };
		3F45D8D51EB90F1B002505A8 /* Base */ = {isa = PBXFileReference; lastKnownFileType = file.storyboard; name = Base; path = Base.lproj/LaunchScreen.storyboard; sourceTree = "<group>"; };
		3F45D8D71EB90F1B002505A8 /* Info.plist */ = {isa = PBXFileReference; lastKnownFileType = text.plist.xml; path = Info.plist; sourceTree = "<group>"; };
		3FEB4D6E1EC0FD3600BE671D /* Bad.jpeg */ = {isa = PBXFileReference; lastKnownFileType = image.jpeg; name = Bad.jpeg; path = ../../../../Desktop/Bad.jpeg; sourceTree = "<group>"; };
		3FEB4D6F1EC0FD3600BE671D /* GOOD.jpeg */ = {isa = PBXFileReference; lastKnownFileType = image.jpeg; name = GOOD.jpeg; path = ../../../../Desktop/GOOD.jpeg; sourceTree = "<group>"; };
/* End PBXFileReference section */

/* Begin PBXFrameworksBuildPhase section */
		3F45D8C51EB90F1B002505A8 /* Frameworks */ = {
			isa = PBXFrameworksBuildPhase;
			buildActionMask = 2147483647;
			files = (
			);
			runOnlyForDeploymentPostprocessing = 0;
		};
/* End PBXFrameworksBuildPhase section */

/* Begin PBXGroup section */
		3F45D8BF1EB90F1B002505A8 = {
			isa = PBXGroup;
			children = (
				3F45D8CA1EB90F1B002505A8 /* HomeWork2 */,
				3F45D8C91EB90F1B002505A8 /* Products */,
			);
			sourceTree = "<group>";
		};
		3F45D8C91EB90F1B002505A8 /* Products */ = {
			isa = PBXGroup;
			children = (
				3F45D8C81EB90F1B002505A8 /* HomeWork2.app */,
			);
			name = Products;
			sourceTree = "<group>";
		};
		3F45D8CA1EB90F1B002505A8 /* HomeWork2 */ = {
			isa = PBXGroup;
			children = (
				3F45D8CB1EB90F1B002505A8 /* AppDelegate.swift */,
				3F45D8CD1EB90F1B002505A8 /* ViewController.swift */,
				3F45D8CF1EB90F1B002505A8 /* Main.storyboard */,
				3FEB4D6E1EC0FD3600BE671D /* Bad.jpeg */,
				3FEB4D6F1EC0FD3600BE671D /* GOOD.jpeg */,
				3F45D8D21EB90F1B002505A8 /* Assets.xcassets */,
				3F45D8D41EB90F1B002505A8 /* LaunchScreen.storyboard */,
				3F45D8D71EB90F1B002505A8 /* Info.plist */,
			);
			path = HomeWork2;
			sourceTree = "<group>";
		};
/* End PBXGroup section */

/* Begin PBXNativeTarget section */
		3F45D8C71EB90F1B002505A8 /* HomeWork2 */ = {
			isa = PBXNativeTarget;
			buildConfigurationList = 3F45D8DA1EB90F1B002505A8 /* Build configuration list for PBXNativeTarget "HomeWork2" */;
			buildPhases = (
				3F45D8C41EB90F1B002505A8 /* Sources */,
				3F45D8C51EB90F1B002505A8 /* Frameworks */,
				3F45D8C61EB90F1B002505A8 /* Resources */,
			);
			buildRules = (
			);
			dependencies = (
			);
			name = HomeWork2;
			productName = HomeWork2;
			productReference = 3F45D8C81EB90F1B002505A8 /* HomeWork2.app */;
			productType = "com.apple.product-type.application";
		};
/* End PBXNativeTarget section */

/* Begin PBXProject section */
		3F45D8C01EB90F1B002505A8 /* Project object */ = {
			isa = PBXProject;
			attributes = {
				LastSwiftUpdateCheck = 0830;
				LastUpgradeCheck = 0830;
				ORGANIZATIONNAME = Student;
				TargetAttributes = {
					3F45D8C71EB90F1B002505A8 = {
						CreatedOnToolsVersion = 8.3.2;
						ProvisioningStyle = Automatic;
					};
				};
			};
			buildConfigurationList = 3F45D8C31EB90F1B002505A8 /* Build configuration list for PBXProject "HomeWork2" */;
			compatibilityVersion = "Xcode 3.2";
			developmentRegion = English;
			hasScannedForEncodings = 0;
			knownRegions = (
				en,
				Base,
			);
			mainGroup = 3F45D8BF1EB90F1B002505A8;
			productRefGroup = 3F45D8C91EB90F1B002505A8 /* Products */;
			projectDirPath = "";
			projectRoot = "";
			targets = (
				3F45D8C71EB90F1B002505A8 /* HomeWork2 */,
			);
		};
/* End PBXProject section */

/* Begin PBXResourcesBuildPhase section */
		3F45D8C61EB90F1B002505A8 /* Resources */ = {
			isa = PBXResourcesBuildPhase;
			buildActionMask = 2147483647;
			files = (
				3F45D8D61EB90F1B002505A8 /* LaunchScreen.storyboard in Resources */,
				3F45D8D31EB90F1B002505A8 /* Assets.xcassets in Resources */,
				3F45D8D11EB90F1B002505A8 /* Main.storyboard in Resources */,
				3FEB4D701EC0FD3600BE671D /* Bad.jpeg in Resources */,
				3FEB4D711EC0FD3600BE671D /* GOOD.jpeg in Resources */,
			);
			runOnlyForDeploymentPostprocessing = 0;
		};
/* End PBXResourcesBuildPhase section */

/* Begin PBXSourcesBuildPhase section */
		3F45D8C41EB90F1B002505A8 /* Sources */ = {
			isa = PBXSourcesBuildPhase;
			buildActionMask = 2147483647;
			files = (
				3F45D8CE1EB90F1B002505A8 /* ViewController.swift in Sources */,
				3F45D8CC1EB90F1B002505A8 /* AppDelegate.swift in Sources */,
			);
			runOnlyForDeploymentPostprocessing = 0;
		};
/* End PBXSourcesBuildPhase section */

/* Begin PBXVariantGroup section */
		3F45D8CF1EB90F1B002505A8 /* Main.storyboard */ = {
			isa = PBXVariantGroup;
			children = (
				3F45D8D01EB90F1B002505A8 /* Base */,
			);
			name = Main.storyboard;
			sourceTree = "<group>";
		};
		3F45D8D41EB90F1B002505A8 /* LaunchScreen.storyboard */ = {
			isa = PBXVariantGroup;
			children = (
				3F45D8D51EB90F1B002505A8 /* Base */,
			);
			name = LaunchScreen.storyboard;
			sourceTree = "<group>";
		};
/* End PBXVariantGroup section */

/* Begin XCBuildConfiguration section */
		3F45D8D81EB90F1B002505A8 /* Debug */ = {
			isa = XCBuildConfiguration;
			buildSettings = {
				ALWAYS_SEARCH_USER_PATHS = NO;
				CLANG_ANALYZER_NONNULL = YES;
				CLANG_ANALYZER_NUMBER_OBJECT_CONVERSION = YES_AGGRESSIVE;
				CLANG_CXX_LANGUAGE_STANDARD = "gnu++0x";
				CLANG_CXX_LIBRARY = "libc++";
				CLANG_ENABLE_MODULES = YES;
				CLANG_ENABLE_OBJC_ARC = YES;
				CLANG_WARN_BOOL_CONVERSION = YES;
				CLANG_WARN_CONSTANT_CONVERSION = YES;
				CLANG_WARN_DIRECT_OBJC_ISA_USAGE = YES_ERROR;
				CLANG_WARN_DOCUMENTATION_COMMENTS = YES;
				CLANG_WARN_EMPTY_BODY = YES;
				CLANG_WARN_ENUM_CONVERSION = YES;
				CLANG_WARN_INFINITE_RECURSION = YES;
				CLANG_WARN_INT_CONVERSION = YES;
				CLANG_WARN_OBJC_ROOT_CLASS = YES_ERROR;
				CLANG_WARN_SUSPICIOUS_MOVE = YES;
				CLANG_WARN_UNREACHABLE_CODE = YES;
				CLANG_WARN__DUPLICATE_METHOD_MATCH = YES;
				"CODE_SIGN_IDENTITY[sdk=iphoneos*]" = "iPhone Developer";
				COPY_PHASE_STRIP = NO;
				DEBUG_INFORMATION_FORMAT = dwarf;
				ENABLE_STRICT_OBJC_MSGSEND = YES;
				ENABLE_TESTABILITY = YES;
				GCC_C_LANGUAGE_STANDARD = gnu99;
				GCC_DYNAMIC_NO_PIC = NO;
				GCC_NO_COMMON_BLOCKS = YES;
				GCC_OPTIMIZATION_LEVEL = 0;
				GCC_PREPROCESSOR_DEFINITIONS = (
					"DEBUG=1",
					"$(inherited)",
				);
				GCC_WARN_64_TO_32_BIT_CONVERSION = YES;
				GCC_WARN_ABOUT_RETURN_TYPE = YES_ERROR;
				GCC_WARN_UNDECLARED_SELECTOR = YES;
				GCC_WARN_UNINITIALIZED_AUTOS = YES_AGGRESSIVE;
				GCC_WARN_UNUSED_FUNCTION = YES;
				GCC_WARN_UNUSED_VARIABLE = YES;
				IPHONEOS_DEPLOYMENT_TARGET = 10.3;
				MTL_ENABLE_DEBUG_INFO = YES;
				ONLY_ACTIVE_ARCH = YES;
				SDKROOT = iphoneos;
				SWIFT_ACTIVE_COMPILATION_CONDITIONS = DEBUG;
				SWIFT_OPTIMIZATION_LEVEL = "-Onone";
				TARGETED_DEVICE_FAMILY = "1,2";
			};
			name = Debug;
		};
		3F45D8D91EB90F1B002505A8 /* Release */ = {
			isa = XCBuildConfiguration;
			buildSettings = {
				ALWAYS_SEARCH_USER_PATHS = NO;
				CLANG_ANALYZER_NONNULL = YES;
				CLANG_ANALYZER_NUMBER_OBJECT_CONVERSION = YES_AGGRESSIVE;
				CLANG_CXX_LANGUAGE_STANDARD = "gnu++0x";
				CLANG_CXX_LIBRARY = "libc++";
				CLANG_ENABLE_MODULES = YES;
				CLANG_ENABLE_OBJC_ARC = YES;
				CLANG_WARN_BOOL_CONVERSION = YES;
				CLANG_WARN_CONSTANT_CONVERSION = YES;
				CLANG_WARN_DIRECT_OBJC_ISA_USAGE = YES_ERROR;
				CLANG_WARN_DOCUMENTATION_COMMENTS = YES;
				CLANG_WARN_EMPTY_BODY = YES;
				CLANG_WARN_ENUM_CONVERSION = YES;
				CLANG_WARN_INFINITE_RECURSION = YES;
				CLANG_WARN_INT_CONVERSION = YES;
				CLANG_WARN_OBJC_ROOT_CLASS = YES_ERROR;
				CLANG_WARN_SUSPICIOUS_MOVE = YES;
				CLANG_WARN_UNREACHABLE_CODE = YES;
				CLANG_WARN__DUPLICATE_METHOD_MATCH = YES;
				"CODE_SIGN_IDENTITY[sdk=iphoneos*]" = "iPhone Developer";
				COPY_PHASE_STRIP = NO;
				DEBUG_INFORMATION_FORMAT = "dwarf-with-dsym";
				ENABLE_NS_ASSERTIONS = NO;
				ENABLE_STRICT_OBJC_MSGSEND = YES;
				GCC_C_LANGUAGE_STANDARD = gnu99;
				GCC_NO_COMMON_BLOCKS = YES;
				GCC_WARN_64_TO_32_BIT_CONVERSION = YES;
				GCC_WARN_ABOUT_RETURN_TYPE = YES_ERROR;
				GCC_WARN_UNDECLARED_SELECTOR = YES;
				GCC_WARN_UNINITIALIZED_AUTOS = YES_AGGRESSIVE;
				GCC_WARN_UNUSED_FUNCTION = YES;
				GCC_WARN_UNUSED_VARIABLE = YES;
				IPHONEOS_DEPLOYMENT_TARGET = 10.3;
				MTL_ENABLE_DEBUG_INFO = NO;
				SDKROOT = iphoneos;
				SWIFT_OPTIMIZATION_LEVEL = "-Owholemodule";
				TARGETED_DEVICE_FAMILY = "1,2";
				VALIDATE_PRODUCT = YES;
			};
			name = Release;
		};
		3F45D8DB1EB90F1B002505A8 /* Debug */ = {
			isa = XCBuildConfiguration;
			buildSettings = {
				ASSETCATALOG_COMPILER_APPICON_NAME = AppIcon;
				INFOPLIST_FILE = HomeWork2/Info.plist;
				LD_RUNPATH_SEARCH_PATHS = "$(inherited) @executable_path/Frameworks";
				PRODUCT_BUNDLE_IDENTIFIER = Pride.HomeWork2;
				PRODUCT_NAME = "$(TARGET_NAME)";
				SWIFT_VERSION = 3.0;
			};
			name = Debug;
		};
		3F45D8DC1EB90F1B002505A8 /* Release */ = {
			isa = XCBuildConfiguration;
			buildSettings = {
				ASSETCATALOG_COMPILER_APPICON_NAME = AppIcon;
				INFOPLIST_FILE = HomeWork2/Info.plist;
				LD_RUNPATH_SEARCH_PATHS = "$(inherited) @executable_path/Frameworks";
				PRODUCT_BUNDLE_IDENTIFIER = Pride.HomeWork2;
				PRODUCT_NAME = "$(TARGET_NAME)";
				SWIFT_VERSION = 3.0;
			};
			name = Release;
		};
/* End XCBuildConfiguration section */

/* Begin XCConfigurationList section */
		3F45D8C31EB90F1B002505A8 /* Build configuration list for PBXProject "HomeWork2" */ = {
			isa = XCConfigurationList;
			buildConfigurations = (
				3F45D8D81EB90F1B002505A8 /* Debug */,
				3F45D8D91EB90F1B002505A8 /* Release */,
			);
			defaultConfigurationIsVisible = 0;
			defaultConfigurationName = Release;
		};
		3F45D8DA1EB90F1B002505A8 /* Build configuration list for PBXNativeTarget "HomeWork2" */ = {
			isa = XCConfigurationList;
			buildConfigurations = (
				3F45D8DB1EB90F1B002505A8 /* Debug */,
				3F45D8DC1EB90F1B002505A8 /* Release */,
			);
			defaultConfigurationIsVisible = 0;
			defaultConfigurationName = Release;
		};
/* End XCConfigurationList section */
	};
	rootObject = 3F45D8C01EB90F1B002505A8 /* Project object */;
}
